
Microsoft Visual Studio Solution File, Format Version 12.00
# Visual Studio Version 17
VisualStudioVersion = 17.7.34009.444
MinimumVisualStudioVersion = 10.0.40219.1
Project("{FAE04EC0-301F-11D3-BF4B-00C04F79EFBC}") = "IntroMVC", "IntroMVC.csproj", "{0C735099-5A62-4CFC-B47E-2490139078DA}"
EndProject
Global
	GlobalSection(SolutionConfigurationPlatforms) = preSolution
		Debug|Any CPU = Debug|Any CPU
		Release|Any CPU = Release|Any CPU
	EndGlobalSection
	GlobalSection(ProjectConfigurationPlatforms) = postSolution
		{0C735099-5A62-4CFC-B47E-2490139078DA}.Debug|Any CPU.ActiveCfg = Debug|Any CPU
		{0C735099-5A62-4CFC-B47E-2490139078DA}.Debug|Any CPU.Build.0 = Debug|Any CPU
		{0C735099-5A62-4CFC-B47E-2490139078DA}.Release|Any CPU.ActiveCfg = Release|Any CPU
		{0C735099-5A62-4CFC-B47E-2490139078DA}.Release|Any CPU.Build.0 = Release|Any CPU
	EndGlobalSection
	GlobalSection(SolutionProperties) = preSolution
		HideSolutionNode = FALSE
	EndGlobalSection
	GlobalSection(ExtensibilityGlobals) = postSolution
		SolutionGuid = {A0544AE7-2336-47A0-8C2F-4DCEA9825D00}
	EndGlobalSection
EndGlobal
